
Microsoft Visual Studio Solution File, Format Version 12.00
# Visual Studio Version 17
VisualStudioVersion = 17.14.35906.104 d17.14
MinimumVisualStudioVersion = 10.0.40219.1
Project("{FAE04EC0-301F-11D3-BF4B-00C04F79EFBC}") = "ProductsApp", "ProductsApp\ProductsApp.csproj", "{8785980C-70A1-4907-A567-61515E3272DE}"
EndProject
Project("{FAE04EC0-301F-11D3-BF4B-00C04F79EFBC}") = "ProductsApp.Tests", "ProductsApp.Tests\ProductsApp.Tests.csproj", "{91DA53C4-C14E-4B96-AE45-E5C2AF666BD3}"
EndProject
Global
	GlobalSection(SolutionConfigurationPlatforms) = preSolution
		Debug|Any CPU = Debug|Any CPU
		Release|Any CPU = Release|Any CPU
	EndGlobalSection
	GlobalSection(ProjectConfigurationPlatforms) = postSolution
		{8785980C-70A1-4907-A567-61515E3272DE}.Debug|Any CPU.ActiveCfg = Debug|Any CPU
		{8785980C-70A1-4907-A567-61515E3272DE}.Debug|Any CPU.Build.0 = Debug|Any CPU
		{8785980C-70A1-4907-A567-61515E3272DE}.Release|Any CPU.ActiveCfg = Release|Any CPU
		{8785980C-70A1-4907-A567-61515E3272DE}.Release|Any CPU.Build.0 = Release|Any CPU
		{91DA53C4-C14E-4B96-AE45-E5C2AF666BD3}.Debug|Any CPU.ActiveCfg = Debug|Any CPU
		{91DA53C4-C14E-4B96-AE45-E5C2AF666BD3}.Debug|Any CPU.Build.0 = Debug|Any CPU
		{91DA53C4-C14E-4B96-AE45-E5C2AF666BD3}.Release|Any CPU.ActiveCfg = Release|Any CPU
		{91DA53C4-C14E-4B96-AE45-E5C2AF666BD3}.Release|Any CPU.Build.0 = Release|Any CPU
	EndGlobalSection
	GlobalSection(SolutionProperties) = preSolution
		HideSolutionNode = FALSE
	EndGlobalSection
	GlobalSection(ExtensibilityGlobals) = postSolution
		SolutionGuid = {91E9578D-D8A7-48E2-8934-B03C0D238690}
	EndGlobalSection
EndGlobal
